<?xml version="1.0" encoding="utf-8"?>
<Project ToolsVersion="12.0" xmlns="http://schemas.microsoft.com/developer/msbuild/2003">
  <ItemGroup>
    <ClCompile Include="..\btSoftBodySolver_OpenCL.cpp">
      <Filter>Source Files</Filter>
    </ClCompile>
  </ItemGroup>
  <ItemGroup>
    <ClInclude Include="..\btSoftBodySolver_OpenCL.h">
      <Filter>Header Files</Filter>
    </ClInclude>
    <ClInclude Include="..\..\Shared\btSoftBodySolverData.h">
      <Filter>Header Files</Filter>
    </ClInclude>
    <ClInclude Include="..\btSoftBodySolverVertexData_OpenCL.h">
      <Filter>Header Files</Filter>
    </ClInclude>
    <ClInclude Include="..\btSoftBodySolverTriangleData_OpenCL.h">
      <Filter>Header Files</Filter>
    </ClInclude>
    <ClInclude Include="..\btSoftBodySolverLinkData_OpenCL.h">
      <Filter>Header Files</Filter>
    </ClInclude>
    <ClInclude Include="..\btSoftBodySolverBuffer_OpenCL.h">
      <Filter>Header Files</Filter>
    </ClInclude>
  </ItemGroup>
  <ItemGroup>
    <CustomBuild Include="CMakeLists.txt" />
  </ItemGroup>
  <ItemGroup>
    <None Include="..\OpenCLC10\UpdateNormals.cl" />
    <None Include="..\OpenCLC10\Integrate.cl" />
    <None Include="..\OpenCLC10\UpdatePositions.cl" />
    <None Include="..\OpenCLC10\UpdateNodes.cl" />
    <None Include="..\OpenCLC10\SolvePositions.cl" />
    <None Include="..\OpenCLC10\UpdatePositionsFromVelocities.cl" />
    <None Include="..\OpenCLC10\ApplyForces.cl" />
    <None Include="..\OpenCLC10\PrepareLinks.cl" />
    <None Include="..\OpenCLC10\VSolveLinks.cl" />
  </ItemGroup>
  <ItemGroup>
    <Filter Include="Source Files">
      <UniqueIdentifier>{76F5D144-1F30-4D15-B73E-05AFBC6D7618}</UniqueIdentifier>
    </Filter>
    <Filter Include="Header Files">
      <UniqueIdentifier>{4C5482DC-9052-415B-A882-B8B4C9C6A1BF}</UniqueIdentifier>
    </Filter>
  </ItemGroup>
</Project>
