<?xml version="1.0" encoding="utf-8"?>
<Project ToolsVersion="12.0" xmlns="http://schemas.microsoft.com/developer/msbuild/2003">
  <ItemGroup>
    <CustomBuild Include="..\..\CMakeFiles\ce38ccb48f48f7cbfd1b8bfc3041bd8d\INSTALL_force.rule">
      <Filter>CMake Rules</Filter>
    </CustomBuild>
  </ItemGroup>
  <ItemGroup>
    <Filter Include="CMake Rules">
      <UniqueIdentifier>{11DFBF0A-1729-4F19-BDD7-84367E319D15}</UniqueIdentifier>
    </Filter>
  </ItemGroup>
</Project>
